
Microsoft Visual Studio Solution File, Format Version 12.00
# Visual Studio Version 16
VisualStudioVersion = 16.0.33130.400
MinimumVisualStudioVersion = 10.0.40219.1
Project("{FAE04EC0-301F-11D3-BF4B-00C04F79EFBC}") = "RabbitMQCunsomer", "RabbitMQCunsomer\RabbitMQCunsomer.csproj", "{5D6334F7-825B-4DA0-BF60-A90EDC856DEC}"
EndProject
Global
	GlobalSection(SolutionConfigurationPlatforms) = preSolution
		Debug|Any CPU = Debug|Any CPU
		Release|Any CPU = Release|Any CPU
	EndGlobalSection
	GlobalSection(ProjectConfigurationPlatforms) = postSolution
		{5D6334F7-825B-4DA0-BF60-A90EDC856DEC}.Debug|Any CPU.ActiveCfg = Debug|Any CPU
		{5D6334F7-825B-4DA0-BF60-A90EDC856DEC}.Debug|Any CPU.Build.0 = Debug|Any CPU
		{5D6334F7-825B-4DA0-BF60-A90EDC856DEC}.Release|Any CPU.ActiveCfg = Release|Any CPU
		{5D6334F7-825B-4DA0-BF60-A90EDC856DEC}.Release|Any CPU.Build.0 = Release|Any CPU
	EndGlobalSection
	GlobalSection(SolutionProperties) = preSolution
		HideSolutionNode = FALSE
	EndGlobalSection
	GlobalSection(ExtensibilityGlobals) = postSolution
		SolutionGuid = {65EFD6B9-E34B-4A52-9FFC-176126CBD730}
	EndGlobalSection
EndGlobal
